{
  "originHash" : "5c8cc14b7b85960fd9c3ef1a6e3536ade55e840b3e9aa5d54cfbc4a1c3182b26",
  "pins" : [
    {
      "identity" : "swift-collections",
      "kind" : "remoteSourceControl",
      "location" : "https://github.com/apple/swift-collections",
      "state" : {
        "revision" : "8d9834a6189db730f6264db7556a7ffb751e99ee",
        "version" : "1.4.0"
      }
    }
  ],
  "version" : 3
}
