{
  "originHash" : "c0b5873608127e307ed8ede2ca78eb725383d2877aa22c87b92cb0b708abc381",
  "pins" : [
    {
      "identity" : "swift-collections",
      "kind" : "remoteSourceControl",
      "location" : "https://github.com/apple/swift-collections",
      "state" : {
        "revision" : "a66de878e87ef5a3d5d390e0f6d9002aa5541a43",
        "version" : "1.7.0"
      }
    }
  ],
  "version" : 3
}
